
Microsoft Visual Studio Solution File, Format Version 12.00
# Visual Studio Version 16
VisualStudioVersion = 16.0.29613.14
MinimumVisualStudioVersion = 10.0.40219.1
Project("{FAE04EC0-301F-11D3-BF4B-00C04F79EFBC}") = "UokSemesterSystem", "UokSemesterSystem\UokSemesterSystem.csproj", "{FB2B67E6-D18A-41C4-9998-09B06FEDDA56}"
EndProject
Global
	GlobalSection(SolutionConfigurationPlatforms) = preSolution
		Debug|Any CPU = Debug|Any CPU
		Release|Any CPU = Release|Any CPU
	EndGlobalSection
	GlobalSection(ProjectConfigurationPlatforms) = postSolution
		{FB2B67E6-D18A-41C4-9998-09B06FEDDA56}.Debug|Any CPU.ActiveCfg = Debug|Any CPU
		{FB2B67E6-D18A-41C4-9998-09B06FEDDA56}.Debug|Any CPU.Build.0 = Debug|Any CPU
		{FB2B67E6-D18A-41C4-9998-09B06FEDDA56}.Release|Any CPU.ActiveCfg = Release|Any CPU
		{FB2B67E6-D18A-41C4-9998-09B06FEDDA56}.Release|Any CPU.Build.0 = Release|Any CPU
	EndGlobalSection
	GlobalSection(SolutionProperties) = preSolution
		HideSolutionNode = FALSE
	EndGlobalSection
	GlobalSection(ExtensibilityGlobals) = postSolution
		SolutionGuid = {E0AA828C-C92C-418E-B11A-E0E69169B55B}
	EndGlobalSection
EndGlobal
